github.com/boombuler/barcode v1.0.0 h1:s1TvRnXwL2xJRaccrdcBQMZxq6X7DvsMogtmJeHDdrc=
github.com/boombuler/barcode v1.0.0/go.mod h1:paBWMcWSl3LHKBqUq+rly7CNSldXjb2rDl3JlRe0mD8=
github.com/dgrijalva/jwt-go v3.2.0+incompatible h1:7qlOGliEKZXTDg6OTjfoBKDXWrumCAMpl/TFQ4/5kLM=
github.com/dgrijalva/jwt-go v3.2.0+incompatible/go.mod h1:E3ru+11k8xSBh+hMPgOLZmtrrCbhqsmaPHjLKYnJCaQ=
github.com/golang/crypto v0.0.0-20181127143415-eb0de9b17e85 h1:B7ZbAFz7NOmvpUE5RGtu3u0WIizy5GdvbNpEf4RPnWs=
github.com/golang/crypto v0.0.0-20181127143415-eb0de9b17e85/go.mod h1:uZvAcrsnNaCxlh1HorK5dUQHGmEKPh2H/Rl1kehswPo=
github.com/skip2/go-qrcode v0.0.0-20190110000554-dc11ecdae0a9 h1:lpEzuenPuO1XNTeikEmvqYFcU37GVLl8SRNblzyvGBE=
github.com/skip2/go-qrcode v0.0.0-20190110000554-dc11ecdae0a9/go.mod h1:PLPIyL7ikehBD1OAjmKKiOEhbvWyHGaNDjquXMcYABo=
github.com/souliot/siot-util v0.0.0-20190515105745-47d824d5e9fd h1:HhD4Bj9l2ZDh8HU9v+r/FgP5m+Ue+NyfNJ8oXFlrQdA=
github.com/souliot/siot-util v0.0.0-20190515105745-47d824d5e9fd/go.mod h1:9EhwNPd+1CALN7nJdzBz4Ri+OyxUzns9Ya9C7oMzFlk=
